{
  "object": {
    "pins": [
      {
        "package": "CountryCode",
        "repositoryURL": "https://github.com/MasterBel2/CountryCode",
        "state": {
          "branch": "master",
          "revision": "432180c3c33c8ef7effe359d47436763452c1399",
          "version": null
        }
      },
      {
        "package": "ServerAddress",
        "repositoryURL": "https://github.com/MasterBel2/ServerAddress",
        "state": {
          "branch": "master",
          "revision": "f323c45475ddad09ea74f1ecc53cdfc5691868d5",
          "version": null
        }
      },
      {
        "package": "SpringRTSReplayHandling",
        "repositoryURL": "https://github.com/MasterBel2/SpringRTSReplayHandling",
        "state": {
          "branch": "master",
          "revision": "8be932ed51caa3f20fd6640214aa6e3cf6521a01",
          "version": null
        }
      },
      {
        "package": "SpringRTSStartScriptHandling",
        "repositoryURL": "https://github.com/MasterBel2/SpringRTSStartScriptHandling",
        "state": {
          "branch": "master",
          "revision": "10508af9fb293f6fa3257711fa3b3b744c53fc0f",
          "version": null
        }
      }
    ]
  },
  "version": 1
}
