{
  "object": {
    "pins": [
      {
        "package": "BitByteData",
        "repositoryURL": "https://github.com/tsolomko/BitByteData",
        "state": {
          "branch": null,
          "revision": "c119e12decae8f56066df3345a4ac1a05b2f06d5",
          "version": "2.0.1"
        }
      },
      {
        "package": "CountryCode",
        "repositoryURL": "https://github.com/MasterBel2/CountryCode",
        "state": {
          "branch": "master",
          "revision": "432180c3c33c8ef7effe359d47436763452c1399",
          "version": null
        }
      },
      {
        "package": "ServerAddress",
        "repositoryURL": "https://github.com/MasterBel2/ServerAddress",
        "state": {
          "branch": "master",
          "revision": "f323c45475ddad09ea74f1ecc53cdfc5691868d5",
          "version": null
        }
      },
      {
        "package": "SpringRTSReplayHandling",
        "repositoryURL": "https://github.com/MasterBel2/SpringRTSReplayHandling",
        "state": {
          "branch": "master",
          "revision": "bdee84343a18ac505013703af1c71b7d2e79da21",
          "version": null
        }
      },
      {
        "package": "SpringRTSStartScriptHandling",
        "repositoryURL": "https://github.com/MasterBel2/SpringRTSStartScriptHandling",
        "state": {
          "branch": "master",
          "revision": "10508af9fb293f6fa3257711fa3b3b744c53fc0f",
          "version": null
        }
      },
      {
        "package": "SWCompression",
        "repositoryURL": "https://github.com/tsolomko/SWCompression.git",
        "state": {
          "branch": null,
          "revision": "4ad6940f2990f2d9f27b39d013c7a64b602d9c50",
          "version": "4.8.0"
        }
      }
    ]
  },
  "version": 1
}
